
Microsoft Visual Studio Solution File, Format Version 12.00
# Visual Studio Version 17
VisualStudioVersion = 17.14.36327.8 d17.14
MinimumVisualStudioVersion = 10.0.40219.1
Project("{FAE04EC0-301F-11D3-BF4B-00C04F79EFBC}") = "Interfaces", "Interfaces.csproj", "{290788CB-7805-443C-A708-AB3A5EF6F117}"
EndProject
Global
	GlobalSection(SolutionConfigurationPlatforms) = preSolution
		Debug|Any CPU = Debug|Any CPU
		Release|Any CPU = Release|Any CPU
	EndGlobalSection
	GlobalSection(ProjectConfigurationPlatforms) = postSolution
		{290788CB-7805-443C-A708-AB3A5EF6F117}.Debug|Any CPU.ActiveCfg = Debug|Any CPU
		{290788CB-7805-443C-A708-AB3A5EF6F117}.Debug|Any CPU.Build.0 = Debug|Any CPU
		{290788CB-7805-443C-A708-AB3A5EF6F117}.Release|Any CPU.ActiveCfg = Release|Any CPU
		{290788CB-7805-443C-A708-AB3A5EF6F117}.Release|Any CPU.Build.0 = Release|Any CPU
	EndGlobalSection
	GlobalSection(SolutionProperties) = preSolution
		HideSolutionNode = FALSE
	EndGlobalSection
	GlobalSection(ExtensibilityGlobals) = postSolution
		SolutionGuid = {50B15C74-A000-4BCC-976D-190CCB84918E}
	EndGlobalSection
EndGlobal
